
Microsoft Visual Studio Solution File, Format Version 12.00
# Visual Studio 2013
VisualStudioVersion = 12.0.31101.0
MinimumVisualStudioVersion = 10.0.40219.1
Project("{00D1A9C2-B5F0-4AF3-8072-F6C62B433612}") = "Sample.Database", "Sample.Database.sqlproj", "{B53EB818-20DF-456E-BB78-1A9B90ACD3D0}"
EndProject
Global
	GlobalSection(SolutionConfigurationPlatforms) = preSolution
		Debug|Any CPU = Debug|Any CPU
		Release|Any CPU = Release|Any CPU
	EndGlobalSection
	GlobalSection(ProjectConfigurationPlatforms) = postSolution
		{B53EB818-20DF-456E-BB78-1A9B90ACD3D0}.Debug|Any CPU.ActiveCfg = Debug|Any CPU
		{B53EB818-20DF-456E-BB78-1A9B90ACD3D0}.Debug|Any CPU.Build.0 = Debug|Any CPU
		{B53EB818-20DF-456E-BB78-1A9B90ACD3D0}.Debug|Any CPU.Deploy.0 = Debug|Any CPU
		{B53EB818-20DF-456E-BB78-1A9B90ACD3D0}.Release|Any CPU.ActiveCfg = Release|Any CPU
		{B53EB818-20DF-456E-BB78-1A9B90ACD3D0}.Release|Any CPU.Build.0 = Release|Any CPU
		{B53EB818-20DF-456E-BB78-1A9B90ACD3D0}.Release|Any CPU.Deploy.0 = Release|Any CPU
	EndGlobalSection
	GlobalSection(SolutionProperties) = preSolution
		HideSolutionNode = FALSE
	EndGlobalSection
EndGlobal
